
Microsoft Visual Studio Solution File, Format Version 12.00
# Visual Studio Version 16
VisualStudioVersion = 16.0.31229.75
MinimumVisualStudioVersion = 10.0.40219.1
Project("{FAE04EC0-301F-11D3-BF4B-00C04F79EFBC}") = "BOS.Business", "BOS.Business\BOS.Business.csproj", "{16AD365C-5E4A-4316-A197-55BA9024F229}"
EndProject
Project("{FAE04EC0-301F-11D3-BF4B-00C04F79EFBC}") = "BOS.Core", "BOS.Core\BOS.Core.csproj", "{5683FDAD-FFF8-4E78-BC49-EF3B5301AC5C}"
EndProject
Project("{FAE04EC0-301F-11D3-BF4B-00C04F79EFBC}") = "BOS.DataAccess", "BOS.DataAccess\BOS.DataAccess.csproj", "{EF3A00AB-D09B-436F-9B4D-22410AB2B064}"
EndProject
Project("{FAE04EC0-301F-11D3-BF4B-00C04F79EFBC}") = "BOS.Entities", "BOS.Entities\BOS.Entities.csproj", "{E14CC154-8F2D-4273-A657-700D4E4F1557}"
EndProject
Project("{FAE04EC0-301F-11D3-BF4B-00C04F79EFBC}") = "BOS.WEB-API", "BOS.WEB-API\BOS.WEB-API.csproj", "{47D7B28A-A184-40FB-AFEF-8D815B647271}"
EndProject
Global
	GlobalSection(SolutionConfigurationPlatforms) = preSolution
		Debug|Any CPU = Debug|Any CPU
		Release|Any CPU = Release|Any CPU
	EndGlobalSection
	GlobalSection(ProjectConfigurationPlatforms) = postSolution
		{16AD365C-5E4A-4316-A197-55BA9024F229}.Debug|Any CPU.ActiveCfg = Debug|Any CPU
		{16AD365C-5E4A-4316-A197-55BA9024F229}.Debug|Any CPU.Build.0 = Debug|Any CPU
		{16AD365C-5E4A-4316-A197-55BA9024F229}.Release|Any CPU.ActiveCfg = Release|Any CPU
		{16AD365C-5E4A-4316-A197-55BA9024F229}.Release|Any CPU.Build.0 = Release|Any CPU
		{5683FDAD-FFF8-4E78-BC49-EF3B5301AC5C}.Debug|Any CPU.ActiveCfg = Debug|Any CPU
		{5683FDAD-FFF8-4E78-BC49-EF3B5301AC5C}.Debug|Any CPU.Build.0 = Debug|Any CPU
		{5683FDAD-FFF8-4E78-BC49-EF3B5301AC5C}.Release|Any CPU.ActiveCfg = Release|Any CPU
		{5683FDAD-FFF8-4E78-BC49-EF3B5301AC5C}.Release|Any CPU.Build.0 = Release|Any CPU
		{EF3A00AB-D09B-436F-9B4D-22410AB2B064}.Debug|Any CPU.ActiveCfg = Debug|Any CPU
		{EF3A00AB-D09B-436F-9B4D-22410AB2B064}.Debug|Any CPU.Build.0 = Debug|Any CPU
		{EF3A00AB-D09B-436F-9B4D-22410AB2B064}.Release|Any CPU.ActiveCfg = Release|Any CPU
		{EF3A00AB-D09B-436F-9B4D-22410AB2B064}.Release|Any CPU.Build.0 = Release|Any CPU
		{E14CC154-8F2D-4273-A657-700D4E4F1557}.Debug|Any CPU.ActiveCfg = Debug|Any CPU
		{E14CC154-8F2D-4273-A657-700D4E4F1557}.Debug|Any CPU.Build.0 = Debug|Any CPU
		{E14CC154-8F2D-4273-A657-700D4E4F1557}.Release|Any CPU.ActiveCfg = Release|Any CPU
		{E14CC154-8F2D-4273-A657-700D4E4F1557}.Release|Any CPU.Build.0 = Release|Any CPU
		{47D7B28A-A184-40FB-AFEF-8D815B647271}.Debug|Any CPU.ActiveCfg = Debug|Any CPU
		{47D7B28A-A184-40FB-AFEF-8D815B647271}.Debug|Any CPU.Build.0 = Debug|Any CPU
		{47D7B28A-A184-40FB-AFEF-8D815B647271}.Release|Any CPU.ActiveCfg = Release|Any CPU
		{47D7B28A-A184-40FB-AFEF-8D815B647271}.Release|Any CPU.Build.0 = Release|Any CPU
	EndGlobalSection
	GlobalSection(SolutionProperties) = preSolution
		HideSolutionNode = FALSE
	EndGlobalSection
	GlobalSection(ExtensibilityGlobals) = postSolution
		SolutionGuid = {3F1225BF-AB3A-47F1-AFCE-942A94B13D7B}
	EndGlobalSection
EndGlobal
